// !$*UTF8*$!
{
	archiveVersion = 1;
	classes = {
	};
	objectVersion = 50;
	objects = {

/* Begin PBXBuildFile section */
		825CBE2824FA751D00CB0F3E /* AppDelegate.swift in Sources */ = {isa = PBXBuildFile; fileRef = 825CBE2724FA751D00CB0F3E /* AppDelegate.swift */; };
		825CBE2A24FA751D00CB0F3E /* SceneDelegate.swift in Sources */ = {isa = PBXBuildFile; fileRef = 825CBE2924FA751D00CB0F3E /* SceneDelegate.swift */; };
		825CBE2C24FA751D00CB0F3E /* ContentView.swift in Sources */ = {isa = PBXBuildFile; fileRef = 825CBE2B24FA751D00CB0F3E /* ContentView.swift */; };
		825CBE2E24FA751F00CB0F3E /* Assets.xcassets in Resources */ = {isa = PBXBuildFile; fileRef = 825CBE2D24FA751F00CB0F3E /* Assets.xcassets */; };
		825CBE3124FA751F00CB0F3E /* Preview Assets.xcassets in Resources */ = {isa = PBXBuildFile; fileRef = 825CBE3024FA751F00CB0F3E /* Preview Assets.xcassets */; };
		825CBE3424FA751F00CB0F3E /* LaunchScreen.storyboard in Resources */ = {isa = PBXBuildFile; fileRef = 825CBE3224FA751F00CB0F3E /* LaunchScreen.storyboard */; };
		825CBE3C24FA815800CB0F3E /* Menu.swift in Sources */ = {isa = PBXBuildFile; fileRef = 825CBE3B24FA815800CB0F3E /* Menu.swift */; };
		825CBE3E24FA895800CB0F3E /* GridStack.swift in Sources */ = {isa = PBXBuildFile; fileRef = 825CBE3D24FA895800CB0F3E /* GridStack.swift */; };
/* End PBXBuildFile section */

/* Begin PBXFileReference section */
		825CBE2424FA751D00CB0F3E /* Learn.app */ = {isa = PBXFileReference; explicitFileType = wrapper.application; includeInIndex = 0; path = Learn.app; sourceTree = BUILT_PRODUCTS_DIR; };
		825CBE2724FA751D00CB0F3E /* AppDelegate.swift */ = {isa = PBXFileReference; lastKnownFileType = sourcecode.swift; path = AppDelegate.swift; sourceTree = "<group>"; };
		825CBE2924FA751D00CB0F3E /* SceneDelegate.swift */ = {isa = PBXFileReference; lastKnownFileType = sourcecode.swift; path = SceneDelegate.swift; sourceTree = "<group>"; };
		825CBE2B24FA751D00CB0F3E /* ContentView.swift */ = {isa = PBXFileReference; lastKnownFileType = sourcecode.swift; path = ContentView.swift; sourceTree = "<group>"; };
		825CBE2D24FA751F00CB0F3E /* Assets.xcassets */ = {isa = PBXFileReference; lastKnownFileType = folder.assetcatalog; path = Assets.xcassets; sourceTree = "<group>"; };
		825CBE3024FA751F00CB0F3E /* Preview Assets.xcassets */ = {isa = PBXFileReference; lastKnownFileType = folder.assetcatalog; path = "Preview Assets.xcassets"; sourceTree = "<group>"; };
		825CBE3324FA751F00CB0F3E /* Base */ = {isa = PBXFileReference; lastKnownFileType = file.storyboard; name = Base; path = Base.lproj/LaunchScreen.storyboard; sourceTree = "<group>"; };
		825CBE3524FA751F00CB0F3E /* Info.plist */ = {isa = PBXFileReference; lastKnownFileType = text.plist.xml; path = Info.plist; sourceTree = "<group>"; };
		825CBE3B24FA815800CB0F3E /* Menu.swift */ = {isa = PBXFileReference; lastKnownFileType = sourcecode.swift; path = Menu.swift; sourceTree = "<group>"; };
		825CBE3D24FA895800CB0F3E /* GridStack.swift */ = {isa = PBXFileReference; lastKnownFileType = sourcecode.swift; path = GridStack.swift; sourceTree = "<group>"; };
/* End PBXFileReference section */

/* Begin PBXFrameworksBuildPhase section */
		825CBE2124FA751D00CB0F3E /* Frameworks */ = {
			isa = PBXFrameworksBuildPhase;
			buildActionMask = 2147483647;
			files = (
			);
			runOnlyForDeploymentPostprocessing = 0;
		};
/* End PBXFrameworksBuildPhase section */

/* Begin PBXGroup section */
		825CBE1B24FA751D00CB0F3E = {
			isa = PBXGroup;
			children = (
				825CBE2624FA751D00CB0F3E /* Learn */,
				825CBE2524FA751D00CB0F3E /* Products */,
			);
			sourceTree = "<group>";
		};
		825CBE2524FA751D00CB0F3E /* Products */ = {
			isa = PBXGroup;
			children = (
				825CBE2424FA751D00CB0F3E /* Learn.app */,
			);
			name = Products;
			sourceTree = "<group>";
		};
		825CBE2624FA751D00CB0F3E /* Learn */ = {
			isa = PBXGroup;
			children = (
				825CBE2724FA751D00CB0F3E /* AppDelegate.swift */,
				825CBE2924FA751D00CB0F3E /* SceneDelegate.swift */,
				825CBE3D24FA895800CB0F3E /* GridStack.swift */,
				825CBE2B24FA751D00CB0F3E /* ContentView.swift */,
				825CBE3B24FA815800CB0F3E /* Menu.swift */,
				825CBE2D24FA751F00CB0F3E /* Assets.xcassets */,
				825CBE3224FA751F00CB0F3E /* LaunchScreen.storyboard */,
				825CBE3524FA751F00CB0F3E /* Info.plist */,
				825CBE2F24FA751F00CB0F3E /* Preview Content */,
			);
			path = Learn;
			sourceTree = "<group>";
		};
		825CBE2F24FA751F00CB0F3E /* Preview Content */ = {
			isa = PBXGroup;
			children = (
				825CBE3024FA751F00CB0F3E /* Preview Assets.xcassets */,
			);
			path = "Preview Content";
			sourceTree = "<group>";
		};
/* End PBXGroup section */

/* Begin PBXNativeTarget section */
		825CBE2324FA751D00CB0F3E /* Learn */ = {
			isa = PBXNativeTarget;
			buildConfigurationList = 825CBE3824FA751F00CB0F3E /* Build configuration list for PBXNativeTarget "Learn" */;
			buildPhases = (
				825CBE2024FA751D00CB0F3E /* Sources */,
				825CBE2124FA751D00CB0F3E /* Frameworks */,
				825CBE2224FA751D00CB0F3E /* Resources */,
			);
			buildRules = (
			);
			dependencies = (
			);
			name = Learn;
			productName = Learn;
			productReference = 825CBE2424FA751D00CB0F3E /* Learn.app */;
			productType = "com.apple.product-type.application";
		};
/* End PBXNativeTarget section */

/* Begin PBXProject section */
		825CBE1C24FA751D00CB0F3E /* Project object */ = {
			isa = PBXProject;
			attributes = {
				LastSwiftUpdateCheck = 1150;
				LastUpgradeCheck = 1240;
				ORGANIZATIONNAME = "Cedric Bahirwe";
				TargetAttributes = {
					825CBE2324FA751D00CB0F3E = {
						CreatedOnToolsVersion = 11.5;
					};
				};
			};
			buildConfigurationList = 825CBE1F24FA751D00CB0F3E /* Build configuration list for PBXProject "Learn" */;
			compatibilityVersion = "Xcode 9.3";
			developmentRegion = en;
			hasScannedForEncodings = 0;
			knownRegions = (
				en,
				Base,
			);
			mainGroup = 825CBE1B24FA751D00CB0F3E;
			productRefGroup = 825CBE2524FA751D00CB0F3E /* Products */;
			projectDirPath = "";
			projectRoot = "";
			targets = (
				825CBE2324FA751D00CB0F3E /* Learn */,
			);
		};
/* End PBXProject section */

/* Begin PBXResourcesBuildPhase section */
		825CBE2224FA751D00CB0F3E /* Resources */ = {
			isa = PBXResourcesBuildPhase;
			buildActionMask = 2147483647;
			files = (
				825CBE3424FA751F00CB0F3E /* LaunchScreen.storyboard in Resources */,
				825CBE3124FA751F00CB0F3E /* Preview Assets.xcassets in Resources */,
				825CBE2E24FA751F00CB0F3E /* Assets.xcassets in Resources */,
			);
			runOnlyForDeploymentPostprocessing = 0;
		};
/* End PBXResourcesBuildPhase section */

/* Begin PBXSourcesBuildPhase section */
		825CBE2024FA751D00CB0F3E /* Sources */ = {
			isa = PBXSourcesBuildPhase;
			buildActionMask = 2147483647;
			files = (
				825CBE3E24FA895800CB0F3E /* GridStack.swift in Sources */,
				825CBE2824FA751D00CB0F3E /* AppDelegate.swift in Sources */,
				825CBE2A24FA751D00CB0F3E /* SceneDelegate.swift in Sources */,
				825CBE3C24FA815800CB0F3E /* Menu.swift in Sources */,
				825CBE2C24FA751D00CB0F3E /* ContentView.swift in Sources */,
			);
			runOnlyForDeploymentPostprocessing = 0;
		};
/* End PBXSourcesBuildPhase section */

/* Begin PBXVariantGroup section */
		825CBE3224FA751F00CB0F3E /* LaunchScreen.storyboard */ = {
			isa = PBXVariantGroup;
			children = (
				825CBE3324FA751F00CB0F3E /* Base */,
			);
			name = LaunchScreen.storyboard;
			sourceTree = "<group>";
		};
/* End PBXVariantGroup section */

/* Begin XCBuildConfiguration section */
		825CBE3624FA751F00CB0F3E /* Debug */ = {
			isa = XCBuildConfiguration;
			buildSettings = {
				ALWAYS_SEARCH_USER_PATHS = NO;
				CLANG_ANALYZER_NONNULL = YES;
				CLANG_ANALYZER_NUMBER_OBJECT_CONVERSION = YES_AGGRESSIVE;
				CLANG_CXX_LANGUAGE_STANDARD = "gnu++14";
				CLANG_CXX_LIBRARY = "libc++";
				CLANG_ENABLE_MODULES = YES;
				CLANG_ENABLE_OBJC_ARC = YES;
				CLANG_ENABLE_OBJC_WEAK = YES;
				CLANG_WARN_BLOCK_CAPTURE_AUTORELEASING = YES;
				CLANG_WARN_BOOL_CONVERSION = YES;
				CLANG_WARN_COMMA = YES;
				CLANG_WARN_CONSTANT_CONVERSION = YES;
				CLANG_WARN_DEPRECATED_OBJC_IMPLEMENTATIONS = YES;
				CLANG_WARN_DIRECT_OBJC_ISA_USAGE = YES_ERROR;
				CLANG_WARN_DOCUMENTATION_COMMENTS = YES;
				CLANG_WARN_EMPTY_BODY = YES;
				CLANG_WARN_ENUM_CONVERSION = YES;
				CLANG_WARN_INFINITE_RECURSION = YES;
				CLANG_WARN_INT_CONVERSION = YES;
				CLANG_WARN_NON_LITERAL_NULL_CONVERSION = YES;
				CLANG_WARN_OBJC_IMPLICIT_RETAIN_SELF = YES;
				CLANG_WARN_OBJC_LITERAL_CONVERSION = YES;
				CLANG_WARN_OBJC_ROOT_CLASS = YES_ERROR;
				CLANG_WARN_QUOTED_INCLUDE_IN_FRAMEWORK_HEADER = YES;
				CLANG_WARN_RANGE_LOOP_ANALYSIS = YES;
				CLANG_WARN_STRICT_PROTOTYPES = YES;
				CLANG_WARN_SUSPICIOUS_MOVE = YES;
				CLANG_WARN_UNGUARDED_AVAILABILITY = YES_AGGRESSIVE;
				CLANG_WARN_UNREACHABLE_CODE = YES;
				CLANG_WARN__DUPLICATE_METHOD_MATCH = YES;
				COPY_PHASE_STRIP = NO;
				DEBUG_INFORMATION_FORMAT = dwarf;
				ENABLE_STRICT_OBJC_MSGSEND = YES;
				ENABLE_TESTABILITY = YES;
				GCC_C_LANGUAGE_STANDARD = gnu11;
				GCC_DYNAMIC_NO_PIC = NO;
				GCC_NO_COMMON_BLOCKS = YES;
				GCC_OPTIMIZATION_LEVEL = 0;
				GCC_PREPROCESSOR_DEFINITIONS = (
					"DEBUG=1",
					"$(inherited)",
				);
				GCC_WARN_64_TO_32_BIT_CONVERSION = YES;
				GCC_WARN_ABOUT_RETURN_TYPE = YES_ERROR;
				GCC_WARN_UNDECLARED_SELECTOR = YES;
				GCC_WARN_UNINITIALIZED_AUTOS = YES_AGGRESSIVE;
				GCC_WARN_UNUSED_FUNCTION = YES;
				GCC_WARN_UNUSED_VARIABLE = YES;
				IPHONEOS_DEPLOYMENT_TARGET = 14.0;
				MTL_ENABLE_DEBUG_INFO = INCLUDE_SOURCE;
				MTL_FAST_MATH = YES;
				ONLY_ACTIVE_ARCH = YES;
				SDKROOT = iphoneos;
				SWIFT_ACTIVE_COMPILATION_CONDITIONS = DEBUG;
				SWIFT_OPTIMIZATION_LEVEL = "-Onone";
			};
			name = Debug;
		};
		825CBE3724FA751F00CB0F3E /* Release */ = {
			isa = XCBuildConfiguration;
			buildSettings = {
				ALWAYS_SEARCH_USER_PATHS = NO;
				CLANG_ANALYZER_NONNULL = YES;
				CLANG_ANALYZER_NUMBER_OBJECT_CONVERSION = YES_AGGRESSIVE;
				CLANG_CXX_LANGUAGE_STANDARD = "gnu++14";
				CLANG_CXX_LIBRARY = "libc++";
				CLANG_ENABLE_MODULES = YES;
				CLANG_ENABLE_OBJC_ARC = YES;
				CLANG_ENABLE_OBJC_WEAK = YES;
				CLANG_WARN_BLOCK_CAPTURE_AUTORELEASING = YES;
				CLANG_WARN_BOOL_CONVERSION = YES;
				CLANG_WARN_COMMA = YES;
				CLANG_WARN_CONSTANT_CONVERSION = YES;
				CLANG_WARN_DEPRECATED_OBJC_IMPLEMENTATIONS = YES;
				CLANG_WARN_DIRECT_OBJC_ISA_USAGE = YES_ERROR;
				CLANG_WARN_DOCUMENTATION_COMMENTS = YES;
				CLANG_WARN_EMPTY_BODY = YES;
				CLANG_WARN_ENUM_CONVERSION = YES;
				CLANG_WARN_INFINITE_RECURSION = YES;
				CLANG_WARN_INT_CONVERSION = YES;
				CLANG_WARN_NON_LITERAL_NULL_CONVERSION = YES;
				CLANG_WARN_OBJC_IMPLICIT_RETAIN_SELF = YES;
				CLANG_WARN_OBJC_LITERAL_CONVERSION = YES;
				CLANG_WARN_OBJC_ROOT_CLASS = YES_ERROR;
				CLANG_WARN_QUOTED_INCLUDE_IN_FRAMEWORK_HEADER = YES;
				CLANG_WARN_RANGE_LOOP_ANALYSIS = YES;
				CLANG_WARN_STRICT_PROTOTYPES = YES;
				CLANG_WARN_SUSPICIOUS_MOVE = YES;
				CLANG_WARN_UNGUARDED_AVAILABILITY = YES_AGGRESSIVE;
				CLANG_WARN_UNREACHABLE_CODE = YES;
				CLANG_WARN__DUPLICATE_METHOD_MATCH = YES;
				COPY_PHASE_STRIP = NO;
				DEBUG_INFORMATION_FORMAT = "dwarf-with-dsym";
				ENABLE_NS_ASSERTIONS = NO;
				ENABLE_STRICT_OBJC_MSGSEND = YES;
				GCC_C_LANGUAGE_STANDARD = gnu11;
				GCC_NO_COMMON_BLOCKS = YES;
				GCC_WARN_64_TO_32_BIT_CONVERSION = YES;
				GCC_WARN_ABOUT_RETURN_TYPE = YES_ERROR;
				GCC_WARN_UNDECLARED_SELECTOR = YES;
				GCC_WARN_UNINITIALIZED_AUTOS = YES_AGGRESSIVE;
				GCC_WARN_UNUSED_FUNCTION = YES;
				GCC_WARN_UNUSED_VARIABLE = YES;
				IPHONEOS_DEPLOYMENT_TARGET = 14.0;
				MTL_ENABLE_DEBUG_INFO = NO;
				MTL_FAST_MATH = YES;
				SDKROOT = iphoneos;
				SWIFT_COMPILATION_MODE = wholemodule;
				SWIFT_OPTIMIZATION_LEVEL = "-O";
				VALIDATE_PRODUCT = YES;
			};
			name = Release;
		};
		825CBE3924FA751F00CB0F3E /* Debug */ = {
			isa = XCBuildConfiguration;
			buildSettings = {
				ASSETCATALOG_COMPILER_APPICON_NAME = AppIcon;
				CODE_SIGN_STYLE = Automatic;
				DEVELOPMENT_ASSET_PATHS = "\"Learn/Preview Content\"";
				DEVELOPMENT_TEAM = 9C9R36NYWY;
				ENABLE_PREVIEWS = YES;
				INFOPLIST_FILE = Learn/Info.plist;
				LD_RUNPATH_SEARCH_PATHS = (
					"$(inherited)",
					"@executable_path/Frameworks",
				);
				PRODUCT_BUNDLE_IDENTIFIER = com.cedo.Learn;
				PRODUCT_NAME = "$(TARGET_NAME)";
				SWIFT_VERSION = 5.0;
				TARGETED_DEVICE_FAMILY = "1,2";
			};
			name = Debug;
		};
		825CBE3A24FA751F00CB0F3E /* Release */ = {
			isa = XCBuildConfiguration;
			buildSettings = {
				ASSETCATALOG_COMPILER_APPICON_NAME = AppIcon;
				CODE_SIGN_STYLE = Automatic;
				DEVELOPMENT_ASSET_PATHS = "\"Learn/Preview Content\"";
				DEVELOPMENT_TEAM = 9C9R36NYWY;
				ENABLE_PREVIEWS = YES;
				INFOPLIST_FILE = Learn/Info.plist;
				LD_RUNPATH_SEARCH_PATHS = (
					"$(inherited)",
					"@executable_path/Frameworks",
				);
				PRODUCT_BUNDLE_IDENTIFIER = com.cedo.Learn;
				PRODUCT_NAME = "$(TARGET_NAME)";
				SWIFT_VERSION = 5.0;
				TARGETED_DEVICE_FAMILY = "1,2";
			};
			name = Release;
		};
/* End XCBuildConfiguration section */

/* Begin XCConfigurationList section */
		825CBE1F24FA751D00CB0F3E /* Build configuration list for PBXProject "Learn" */ = {
			isa = XCConfigurationList;
			buildConfigurations = (
				825CBE3624FA751F00CB0F3E /* Debug */,
				825CBE3724FA751F00CB0F3E /* Release */,
			);
			defaultConfigurationIsVisible = 0;
			defaultConfigurationName = Release;
		};
		825CBE3824FA751F00CB0F3E /* Build configuration list for PBXNativeTarget "Learn" */ = {
			isa = XCConfigurationList;
			buildConfigurations = (
				825CBE3924FA751F00CB0F3E /* Debug */,
				825CBE3A24FA751F00CB0F3E /* Release */,
			);
			defaultConfigurationIsVisible = 0;
			defaultConfigurationName = Release;
		};
/* End XCConfigurationList section */
	};
	rootObject = 825CBE1C24FA751D00CB0F3E /* Project object */;
}
